// !$*UTF8*$!
{
	archiveVersion = 1;
	classes = {
	};
	objectVersion = 46;
	objects = {

/* Begin PBXBuildFile section */
		49DD6BC41BDD9B7400A3B520 /* WebRequest.m in Sources */ = {isa = PBXBuildFile; fileRef = 49DD6BC31BDD9B7400A3B520 /* WebRequest.m */; };
		49DF42F11BE34C00005CE1A8 /* CarInformation.m in Sources */ = {isa = PBXBuildFile; fileRef = 49DF42F01BE34C00005CE1A8 /* CarInformation.m */; };
		49DF42F41BE34C21005CE1A8 /* CarDetails.m in Sources */ = {isa = PBXBuildFile; fileRef = 49DF42F31BE34C21005CE1A8 /* CarDetails.m */; };
		49E730A81BE2FA7500E343E5 /* MBProgressHUD.m in Sources */ = {isa = PBXBuildFile; fileRef = 49E730A71BE2FA7500E343E5 /* MBProgressHUD.m */; };
		49E730AC1BE2FA8000E343E5 /* RKDropdownAlert.m in Sources */ = {isa = PBXBuildFile; fileRef = 49E730AB1BE2FA8000E343E5 /* RKDropdownAlert.m */; };
		49E730AF1BE330B500E343E5 /* libxml2.2.dylib in Frameworks */ = {isa = PBXBuildFile; fileRef = 49E730AD1BE330B500E343E5 /* libxml2.2.dylib */; };
		49E730B01BE330B500E343E5 /* libxml2.dylib in Frameworks */ = {isa = PBXBuildFile; fileRef = 49E730AE1BE330B500E343E5 /* libxml2.dylib */; };
		49E730B51BE3318A00E343E5 /* README.md in Sources */ = {isa = PBXBuildFile; fileRef = 49E730B21BE3318A00E343E5 /* README.md */; };
		49E730B61BE3318A00E343E5 /* XMLReader.m in Sources */ = {isa = PBXBuildFile; fileRef = 49E730B41BE3318A00E343E5 /* XMLReader.m */; };
		49EBE26B1BDC27E200CA04B0 /* main.m in Sources */ = {isa = PBXBuildFile; fileRef = 49EBE26A1BDC27E200CA04B0 /* main.m */; };
		49EBE26E1BDC27E200CA04B0 /* AppDelegate.m in Sources */ = {isa = PBXBuildFile; fileRef = 49EBE26D1BDC27E200CA04B0 /* AppDelegate.m */; };
		49EBE2711BDC27E200CA04B0 /* ViewController.m in Sources */ = {isa = PBXBuildFile; fileRef = 49EBE2701BDC27E200CA04B0 /* ViewController.m */; };
		49EBE2741BDC27E200CA04B0 /* Main.storyboard in Resources */ = {isa = PBXBuildFile; fileRef = 49EBE2721BDC27E200CA04B0 /* Main.storyboard */; };
		49EBE2761BDC27E200CA04B0 /* Images.xcassets in Resources */ = {isa = PBXBuildFile; fileRef = 49EBE2751BDC27E200CA04B0 /* Images.xcassets */; };
		49EBE2791BDC27E200CA04B0 /* LaunchScreen.xib in Resources */ = {isa = PBXBuildFile; fileRef = 49EBE2771BDC27E200CA04B0 /* LaunchScreen.xib */; };
		49EBE2851BDC27E300CA04B0 /* R2HotTests.m in Sources */ = {isa = PBXBuildFile; fileRef = 49EBE2841BDC27E300CA04B0 /* R2HotTests.m */; };
		49EBE2901BDC2AC500CA04B0 /* ShoppingResult.m in Sources */ = {isa = PBXBuildFile; fileRef = 49EBE28F1BDC2AC500CA04B0 /* ShoppingResult.m */; };
/* End PBXBuildFile section */

/* Begin PBXContainerItemProxy section */
		49EBE27F1BDC27E300CA04B0 /* PBXContainerItemProxy */ = {
			isa = PBXContainerItemProxy;
			containerPortal = 49EBE25D1BDC27E200CA04B0 /* Project object */;
			proxyType = 1;
			remoteGlobalIDString = 49EBE2641BDC27E200CA04B0;
			remoteInfo = R2Hot;
		};
/* End PBXContainerItemProxy section */

/* Begin PBXFileReference section */
		49DD6BC21BDD9AA700A3B520 /* WebRequest.h */ = {isa = PBXFileReference; lastKnownFileType = sourcecode.c.h; path = WebRequest.h; sourceTree = "<group>"; };
		49DD6BC31BDD9B7400A3B520 /* WebRequest.m */ = {isa = PBXFileReference; fileEncoding = 4; lastKnownFileType = sourcecode.c.objc; path = WebRequest.m; sourceTree = "<group>"; };
		49DF42EF1BE34C00005CE1A8 /* CarInformation.h */ = {isa = PBXFileReference; fileEncoding = 4; lastKnownFileType = sourcecode.c.h; path = CarInformation.h; sourceTree = "<group>"; };
		49DF42F01BE34C00005CE1A8 /* CarInformation.m */ = {isa = PBXFileReference; fileEncoding = 4; lastKnownFileType = sourcecode.c.objc; path = CarInformation.m; sourceTree = "<group>"; };
		49DF42F21BE34C21005CE1A8 /* CarDetails.h */ = {isa = PBXFileReference; fileEncoding = 4; lastKnownFileType = sourcecode.c.h; path = CarDetails.h; sourceTree = "<group>"; };
		49DF42F31BE34C21005CE1A8 /* CarDetails.m */ = {isa = PBXFileReference; fileEncoding = 4; lastKnownFileType = sourcecode.c.objc; path = CarDetails.m; sourceTree = "<group>"; };
		49E730A61BE2FA7500E343E5 /* MBProgressHUD.h */ = {isa = PBXFileReference; fileEncoding = 4; lastKnownFileType = sourcecode.c.h; path = MBProgressHUD.h; sourceTree = "<group>"; };
		49E730A71BE2FA7500E343E5 /* MBProgressHUD.m */ = {isa = PBXFileReference; fileEncoding = 4; lastKnownFileType = sourcecode.c.objc; path = MBProgressHUD.m; sourceTree = "<group>"; };
		49E730A91BE2FA8000E343E5 /* RKDropdownAlert-Prefix.pch */ = {isa = PBXFileReference; fileEncoding = 4; lastKnownFileType = sourcecode.c.h; path = "RKDropdownAlert-Prefix.pch"; sourceTree = "<group>"; };
		49E730AA1BE2FA8000E343E5 /* RKDropdownAlert.h */ = {isa = PBXFileReference; fileEncoding = 4; lastKnownFileType = sourcecode.c.h; path = RKDropdownAlert.h; sourceTree = "<group>"; };
		49E730AB1BE2FA8000E343E5 /* RKDropdownAlert.m */ = {isa = PBXFileReference; fileEncoding = 4; lastKnownFileType = sourcecode.c.objc; path = RKDropdownAlert.m; sourceTree = "<group>"; };
		49E730AD1BE330B500E343E5 /* libxml2.2.dylib */ = {isa = PBXFileReference; lastKnownFileType = "compiled.mach-o.dylib"; name = libxml2.2.dylib; path = usr/lib/libxml2.2.dylib; sourceTree = SDKROOT; };
		49E730AE1BE330B500E343E5 /* libxml2.dylib */ = {isa = PBXFileReference; lastKnownFileType = "compiled.mach-o.dylib"; name = libxml2.dylib; path = usr/lib/libxml2.dylib; sourceTree = SDKROOT; };
		49E730B21BE3318A00E343E5 /* README.md */ = {isa = PBXFileReference; fileEncoding = 4; lastKnownFileType = net.daringfireball.markdown; path = README.md; sourceTree = "<group>"; };
		49E730B31BE3318A00E343E5 /* XMLReader.h */ = {isa = PBXFileReference; fileEncoding = 4; lastKnownFileType = sourcecode.c.h; path = XMLReader.h; sourceTree = "<group>"; };
		49E730B41BE3318A00E343E5 /* XMLReader.m */ = {isa = PBXFileReference; fileEncoding = 4; lastKnownFileType = sourcecode.c.objc; path = XMLReader.m; sourceTree = "<group>"; };
		49EBE2651BDC27E200CA04B0 /* R2Hot.app */ = {isa = PBXFileReference; explicitFileType = wrapper.application; includeInIndex = 0; path = R2Hot.app; sourceTree = BUILT_PRODUCTS_DIR; };
		49EBE2691BDC27E200CA04B0 /* Info.plist */ = {isa = PBXFileReference; lastKnownFileType = text.plist.xml; path = Info.plist; sourceTree = "<group>"; };
		49EBE26A1BDC27E200CA04B0 /* main.m */ = {isa = PBXFileReference; lastKnownFileType = sourcecode.c.objc; path = main.m; sourceTree = "<group>"; };
		49EBE26C1BDC27E200CA04B0 /* AppDelegate.h */ = {isa = PBXFileReference; lastKnownFileType = sourcecode.c.h; path = AppDelegate.h; sourceTree = "<group>"; };
		49EBE26D1BDC27E200CA04B0 /* AppDelegate.m */ = {isa = PBXFileReference; lastKnownFileType = sourcecode.c.objc; path = AppDelegate.m; sourceTree = "<group>"; };
		49EBE26F1BDC27E200CA04B0 /* ViewController.h */ = {isa = PBXFileReference; lastKnownFileType = sourcecode.c.h; path = ViewController.h; sourceTree = "<group>"; };
		49EBE2701BDC27E200CA04B0 /* ViewController.m */ = {isa = PBXFileReference; lastKnownFileType = sourcecode.c.objc; path = ViewController.m; sourceTree = "<group>"; };
		49EBE2731BDC27E200CA04B0 /* Base */ = {isa = PBXFileReference; lastKnownFileType = file.storyboard; name = Base; path = Base.lproj/Main.storyboard; sourceTree = "<group>"; };
		49EBE2751BDC27E200CA04B0 /* Images.xcassets */ = {isa = PBXFileReference; lastKnownFileType = folder.assetcatalog; path = Images.xcassets; sourceTree = "<group>"; };
		49EBE2781BDC27E200CA04B0 /* Base */ = {isa = PBXFileReference; lastKnownFileType = file.xib; name = Base; path = Base.lproj/LaunchScreen.xib; sourceTree = "<group>"; };
		49EBE27E1BDC27E300CA04B0 /* R2HotTests.xctest */ = {isa = PBXFileReference; explicitFileType = wrapper.cfbundle; includeInIndex = 0; path = R2HotTests.xctest; sourceTree = BUILT_PRODUCTS_DIR; };
		49EBE2831BDC27E300CA04B0 /* Info.plist */ = {isa = PBXFileReference; lastKnownFileType = text.plist.xml; path = Info.plist; sourceTree = "<group>"; };
		49EBE2841BDC27E300CA04B0 /* R2HotTests.m */ = {isa = PBXFileReference; lastKnownFileType = sourcecode.c.objc; path = R2HotTests.m; sourceTree = "<group>"; };
		49EBE28E1BDC2AC500CA04B0 /* ShoppingResult.h */ = {isa = PBXFileReference; fileEncoding = 4; lastKnownFileType = sourcecode.c.h; name = ShoppingResult.h; path = ../ShoppingResult.h; sourceTree = "<group>"; };
		49EBE28F1BDC2AC500CA04B0 /* ShoppingResult.m */ = {isa = PBXFileReference; fileEncoding = 4; lastKnownFileType = sourcecode.c.objc; name = ShoppingResult.m; path = ../ShoppingResult.m; sourceTree = "<group>"; };
/* End PBXFileReference section */

/* Begin PBXFrameworksBuildPhase section */
		49EBE2621BDC27E200CA04B0 /* Frameworks */ = {
			isa = PBXFrameworksBuildPhase;
			buildActionMask = 2147483647;
			files = (
				49E730AF1BE330B500E343E5 /* libxml2.2.dylib in Frameworks */,
				49E730B01BE330B500E343E5 /* libxml2.dylib in Frameworks */,
			);
			runOnlyForDeploymentPostprocessing = 0;
		};
		49EBE27B1BDC27E300CA04B0 /* Frameworks */ = {
			isa = PBXFrameworksBuildPhase;
			buildActionMask = 2147483647;
			files = (
			);
			runOnlyForDeploymentPostprocessing = 0;
		};
/* End PBXFrameworksBuildPhase section */

/* Begin PBXGroup section */
		49DA33991BE4045100F1F833 /* Supporting Files */ = {
			isa = PBXGroup;
			children = (
				49E730A91BE2FA8000E343E5 /* RKDropdownAlert-Prefix.pch */,
				49E730AA1BE2FA8000E343E5 /* RKDropdownAlert.h */,
				49E730AB1BE2FA8000E343E5 /* RKDropdownAlert.m */,
				49E730A61BE2FA7500E343E5 /* MBProgressHUD.h */,
				49E730A71BE2FA7500E343E5 /* MBProgressHUD.m */,
				49E730B11BE3318A00E343E5 /* XMLReader */,
			);
			name = "Supporting Files";
			sourceTree = "<group>";
		};
		49E730B11BE3318A00E343E5 /* XMLReader */ = {
			isa = PBXGroup;
			children = (
				49E730B21BE3318A00E343E5 /* README.md */,
				49E730B31BE3318A00E343E5 /* XMLReader.h */,
				49E730B41BE3318A00E343E5 /* XMLReader.m */,
			);
			name = XMLReader;
			path = ../../XMLReader;
			sourceTree = "<group>";
		};
		49EBE25C1BDC27E200CA04B0 = {
			isa = PBXGroup;
			children = (
				49E730AD1BE330B500E343E5 /* libxml2.2.dylib */,
				49E730AE1BE330B500E343E5 /* libxml2.dylib */,
				49EBE2671BDC27E200CA04B0 /* R2Hot */,
				49EBE2811BDC27E300CA04B0 /* R2HotTests */,
				49EBE2661BDC27E200CA04B0 /* Products */,
			);
			sourceTree = "<group>";
		};
		49EBE2661BDC27E200CA04B0 /* Products */ = {
			isa = PBXGroup;
			children = (
				49EBE2651BDC27E200CA04B0 /* R2Hot.app */,
				49EBE27E1BDC27E300CA04B0 /* R2HotTests.xctest */,
			);
			name = Products;
			sourceTree = "<group>";
		};
		49EBE2671BDC27E200CA04B0 /* R2Hot */ = {
			isa = PBXGroup;
			children = (
				49DA33991BE4045100F1F833 /* Supporting Files */,
				49EBE26C1BDC27E200CA04B0 /* AppDelegate.h */,
				49EBE26D1BDC27E200CA04B0 /* AppDelegate.m */,
				49EBE26F1BDC27E200CA04B0 /* ViewController.h */,
				49EBE2701BDC27E200CA04B0 /* ViewController.m */,
				49EBE28E1BDC2AC500CA04B0 /* ShoppingResult.h */,
				49EBE28F1BDC2AC500CA04B0 /* ShoppingResult.m */,
				49DD6BC21BDD9AA700A3B520 /* WebRequest.h */,
				49DD6BC31BDD9B7400A3B520 /* WebRequest.m */,
				49EBE2721BDC27E200CA04B0 /* Main.storyboard */,
				49EBE2751BDC27E200CA04B0 /* Images.xcassets */,
				49EBE2771BDC27E200CA04B0 /* LaunchScreen.xib */,
				49EBE2681BDC27E200CA04B0 /* Supporting Files */,
				49DF42EF1BE34C00005CE1A8 /* CarInformation.h */,
				49DF42F01BE34C00005CE1A8 /* CarInformation.m */,
				49DF42F21BE34C21005CE1A8 /* CarDetails.h */,
				49DF42F31BE34C21005CE1A8 /* CarDetails.m */,
			);
			path = R2Hot;
			sourceTree = "<group>";
		};
		49EBE2681BDC27E200CA04B0 /* Supporting Files */ = {
			isa = PBXGroup;
			children = (
				49EBE2691BDC27E200CA04B0 /* Info.plist */,
				49EBE26A1BDC27E200CA04B0 /* main.m */,
			);
			name = "Supporting Files";
			sourceTree = "<group>";
		};
		49EBE2811BDC27E300CA04B0 /* R2HotTests */ = {
			isa = PBXGroup;
			children = (
				49EBE2841BDC27E300CA04B0 /* R2HotTests.m */,
				49EBE2821BDC27E300CA04B0 /* Supporting Files */,
			);
			path = R2HotTests;
			sourceTree = "<group>";
		};
		49EBE2821BDC27E300CA04B0 /* Supporting Files */ = {
			isa = PBXGroup;
			children = (
				49EBE2831BDC27E300CA04B0 /* Info.plist */,
			);
			name = "Supporting Files";
			sourceTree = "<group>";
		};
/* End PBXGroup section */

/* Begin PBXNativeTarget section */
		49EBE2641BDC27E200CA04B0 /* R2Hot */ = {
			isa = PBXNativeTarget;
			buildConfigurationList = 49EBE2881BDC27E300CA04B0 /* Build configuration list for PBXNativeTarget "R2Hot" */;
			buildPhases = (
				49EBE2611BDC27E200CA04B0 /* Sources */,
				49EBE2621BDC27E200CA04B0 /* Frameworks */,
				49EBE2631BDC27E200CA04B0 /* Resources */,
			);
			buildRules = (
			);
			dependencies = (
			);
			name = R2Hot;
			productName = R2Hot;
			productReference = 49EBE2651BDC27E200CA04B0 /* R2Hot.app */;
			productType = "com.apple.product-type.application";
		};
		49EBE27D1BDC27E300CA04B0 /* R2HotTests */ = {
			isa = PBXNativeTarget;
			buildConfigurationList = 49EBE28B1BDC27E300CA04B0 /* Build configuration list for PBXNativeTarget "R2HotTests" */;
			buildPhases = (
				49EBE27A1BDC27E300CA04B0 /* Sources */,
				49EBE27B1BDC27E300CA04B0 /* Frameworks */,
				49EBE27C1BDC27E300CA04B0 /* Resources */,
			);
			buildRules = (
			);
			dependencies = (
				49EBE2801BDC27E300CA04B0 /* PBXTargetDependency */,
			);
			name = R2HotTests;
			productName = R2HotTests;
			productReference = 49EBE27E1BDC27E300CA04B0 /* R2HotTests.xctest */;
			productType = "com.apple.product-type.bundle.unit-test";
		};
/* End PBXNativeTarget section */

/* Begin PBXProject section */
		49EBE25D1BDC27E200CA04B0 /* Project object */ = {
			isa = PBXProject;
			attributes = {
				LastUpgradeCheck = 0620;
				ORGANIZATIONNAME = "Sosena Bekele";
				TargetAttributes = {
					49EBE2641BDC27E200CA04B0 = {
						CreatedOnToolsVersion = 6.2;
					};
					49EBE27D1BDC27E300CA04B0 = {
						CreatedOnToolsVersion = 6.2;
						TestTargetID = 49EBE2641BDC27E200CA04B0;
					};
				};
			};
			buildConfigurationList = 49EBE2601BDC27E200CA04B0 /* Build configuration list for PBXProject "R2Hot" */;
			compatibilityVersion = "Xcode 3.2";
			developmentRegion = English;
			hasScannedForEncodings = 0;
			knownRegions = (
				en,
				Base,
			);
			mainGroup = 49EBE25C1BDC27E200CA04B0;
			productRefGroup = 49EBE2661BDC27E200CA04B0 /* Products */;
			projectDirPath = "";
			projectRoot = "";
			targets = (
				49EBE2641BDC27E200CA04B0 /* R2Hot */,
				49EBE27D1BDC27E300CA04B0 /* R2HotTests */,
			);
		};
/* End PBXProject section */

/* Begin PBXResourcesBuildPhase section */
		49EBE2631BDC27E200CA04B0 /* Resources */ = {
			isa = PBXResourcesBuildPhase;
			buildActionMask = 2147483647;
			files = (
				49EBE2741BDC27E200CA04B0 /* Main.storyboard in Resources */,
				49EBE2791BDC27E200CA04B0 /* LaunchScreen.xib in Resources */,
				49EBE2761BDC27E200CA04B0 /* Images.xcassets in Resources */,
			);
			runOnlyForDeploymentPostprocessing = 0;
		};
		49EBE27C1BDC27E300CA04B0 /* Resources */ = {
			isa = PBXResourcesBuildPhase;
			buildActionMask = 2147483647;
			files = (
			);
			runOnlyForDeploymentPostprocessing = 0;
		};
/* End PBXResourcesBuildPhase section */

/* Begin PBXSourcesBuildPhase section */
		49EBE2611BDC27E200CA04B0 /* Sources */ = {
			isa = PBXSourcesBuildPhase;
			buildActionMask = 2147483647;
			files = (
				49EBE2711BDC27E200CA04B0 /* ViewController.m in Sources */,
				49DF42F11BE34C00005CE1A8 /* CarInformation.m in Sources */,
				49E730A81BE2FA7500E343E5 /* MBProgressHUD.m in Sources */,
				49EBE26E1BDC27E200CA04B0 /* AppDelegate.m in Sources */,
				49EBE2901BDC2AC500CA04B0 /* ShoppingResult.m in Sources */,
				49EBE26B1BDC27E200CA04B0 /* main.m in Sources */,
				49DF42F41BE34C21005CE1A8 /* CarDetails.m in Sources */,
				49E730AC1BE2FA8000E343E5 /* RKDropdownAlert.m in Sources */,
				49E730B51BE3318A00E343E5 /* README.md in Sources */,
				49E730B61BE3318A00E343E5 /* XMLReader.m in Sources */,
				49DD6BC41BDD9B7400A3B520 /* WebRequest.m in Sources */,
			);
			runOnlyForDeploymentPostprocessing = 0;
		};
		49EBE27A1BDC27E300CA04B0 /* Sources */ = {
			isa = PBXSourcesBuildPhase;
			buildActionMask = 2147483647;
			files = (
				49EBE2851BDC27E300CA04B0 /* R2HotTests.m in Sources */,
			);
			runOnlyForDeploymentPostprocessing = 0;
		};
/* End PBXSourcesBuildPhase section */

/* Begin PBXTargetDependency section */
		49EBE2801BDC27E300CA04B0 /* PBXTargetDependency */ = {
			isa = PBXTargetDependency;
			target = 49EBE2641BDC27E200CA04B0 /* R2Hot */;
			targetProxy = 49EBE27F1BDC27E300CA04B0 /* PBXContainerItemProxy */;
		};
/* End PBXTargetDependency section */

/* Begin PBXVariantGroup section */
		49EBE2721BDC27E200CA04B0 /* Main.storyboard */ = {
			isa = PBXVariantGroup;
			children = (
				49EBE2731BDC27E200CA04B0 /* Base */,
			);
			name = Main.storyboard;
			sourceTree = "<group>";
		};
		49EBE2771BDC27E200CA04B0 /* LaunchScreen.xib */ = {
			isa = PBXVariantGroup;
			children = (
				49EBE2781BDC27E200CA04B0 /* Base */,
			);
			name = LaunchScreen.xib;
			sourceTree = "<group>";
		};
/* End PBXVariantGroup section */

/* Begin XCBuildConfiguration section */
		49EBE2861BDC27E300CA04B0 /* Debug */ = {
			isa = XCBuildConfiguration;
			buildSettings = {
				ALWAYS_SEARCH_USER_PATHS = NO;
				CLANG_CXX_LANGUAGE_STANDARD = "gnu++0x";
				CLANG_CXX_LIBRARY = "libc++";
				CLANG_ENABLE_MODULES = YES;
				CLANG_ENABLE_OBJC_ARC = YES;
				CLANG_WARN_BOOL_CONVERSION = YES;
				CLANG_WARN_CONSTANT_CONVERSION = YES;
				CLANG_WARN_DIRECT_OBJC_ISA_USAGE = YES_ERROR;
				CLANG_WARN_EMPTY_BODY = YES;
				CLANG_WARN_ENUM_CONVERSION = YES;
				CLANG_WARN_INT_CONVERSION = YES;
				CLANG_WARN_OBJC_ROOT_CLASS = YES_ERROR;
				CLANG_WARN_UNREACHABLE_CODE = YES;
				CLANG_WARN__DUPLICATE_METHOD_MATCH = YES;
				"CODE_SIGN_IDENTITY[sdk=iphoneos*]" = "iPhone Developer";
				COPY_PHASE_STRIP = NO;
				ENABLE_STRICT_OBJC_MSGSEND = YES;
				GCC_C_LANGUAGE_STANDARD = gnu99;
				GCC_DYNAMIC_NO_PIC = NO;
				GCC_OPTIMIZATION_LEVEL = 0;
				GCC_PREPROCESSOR_DEFINITIONS = (
					"DEBUG=1",
					"$(inherited)",
				);
				GCC_SYMBOLS_PRIVATE_EXTERN = NO;
				GCC_WARN_64_TO_32_BIT_CONVERSION = YES;
				GCC_WARN_ABOUT_RETURN_TYPE = YES_ERROR;
				GCC_WARN_UNDECLARED_SELECTOR = YES;
				GCC_WARN_UNINITIALIZED_AUTOS = YES_AGGRESSIVE;
				GCC_WARN_UNUSED_FUNCTION = YES;
				GCC_WARN_UNUSED_VARIABLE = YES;
				IPHONEOS_DEPLOYMENT_TARGET = 8.2;
				MTL_ENABLE_DEBUG_INFO = YES;
				ONLY_ACTIVE_ARCH = YES;
				SDKROOT = iphoneos;
			};
			name = Debug;
		};
		49EBE2871BDC27E300CA04B0 /* Release */ = {
			isa = XCBuildConfiguration;
			buildSettings = {
				ALWAYS_SEARCH_USER_PATHS = NO;
				CLANG_CXX_LANGUAGE_STANDARD = "gnu++0x";
				CLANG_CXX_LIBRARY = "libc++";
				CLANG_ENABLE_MODULES = YES;
				CLANG_ENABLE_OBJC_ARC = YES;
				CLANG_WARN_BOOL_CONVERSION = YES;
				CLANG_WARN_CONSTANT_CONVERSION = YES;
				CLANG_WARN_DIRECT_OBJC_ISA_USAGE = YES_ERROR;
				CLANG_WARN_EMPTY_BODY = YES;
				CLANG_WARN_ENUM_CONVERSION = YES;
				CLANG_WARN_INT_CONVERSION = YES;
				CLANG_WARN_OBJC_ROOT_CLASS = YES_ERROR;
				CLANG_WARN_UNREACHABLE_CODE = YES;
				CLANG_WARN__DUPLICATE_METHOD_MATCH = YES;
				"CODE_SIGN_IDENTITY[sdk=iphoneos*]" = "iPhone Developer";
				COPY_PHASE_STRIP = NO;
				ENABLE_NS_ASSERTIONS = NO;
				ENABLE_STRICT_OBJC_MSGSEND = YES;
				GCC_C_LANGUAGE_STANDARD = gnu99;
				GCC_WARN_64_TO_32_BIT_CONVERSION = YES;
				GCC_WARN_ABOUT_RETURN_TYPE = YES_ERROR;
				GCC_WARN_UNDECLARED_SELECTOR = YES;
				GCC_WARN_UNINITIALIZED_AUTOS = YES_AGGRESSIVE;
				GCC_WARN_UNUSED_FUNCTION = YES;
				GCC_WARN_UNUSED_VARIABLE = YES;
				IPHONEOS_DEPLOYMENT_TARGET = 8.2;
				MTL_ENABLE_DEBUG_INFO = NO;
				SDKROOT = iphoneos;
				VALIDATE_PRODUCT = YES;
			};
			name = Release;
		};
		49EBE2891BDC27E300CA04B0 /* Debug */ = {
			isa = XCBuildConfiguration;
			buildSettings = {
				ASSETCATALOG_COMPILER_APPICON_NAME = AppIcon;
				INFOPLIST_FILE = R2Hot/Info.plist;
				LD_RUNPATH_SEARCH_PATHS = "$(inherited) @executable_path/Frameworks";
				PRODUCT_NAME = "$(TARGET_NAME)";
			};
			name = Debug;
		};
		49EBE28A1BDC27E300CA04B0 /* Release */ = {
			isa = XCBuildConfiguration;
			buildSettings = {
				ASSETCATALOG_COMPILER_APPICON_NAME = AppIcon;
				INFOPLIST_FILE = R2Hot/Info.plist;
				LD_RUNPATH_SEARCH_PATHS = "$(inherited) @executable_path/Frameworks";
				PRODUCT_NAME = "$(TARGET_NAME)";
			};
			name = Release;
		};
		49EBE28C1BDC27E300CA04B0 /* Debug */ = {
			isa = XCBuildConfiguration;
			buildSettings = {
				BUNDLE_LOADER = "$(TEST_HOST)";
				FRAMEWORK_SEARCH_PATHS = (
					"$(SDKROOT)/Developer/Library/Frameworks",
					"$(inherited)",
				);
				GCC_PREPROCESSOR_DEFINITIONS = (
					"DEBUG=1",
					"$(inherited)",
				);
				INFOPLIST_FILE = R2HotTests/Info.plist;
				LD_RUNPATH_SEARCH_PATHS = "$(inherited) @executable_path/Frameworks @loader_path/Frameworks";
				PRODUCT_NAME = "$(TARGET_NAME)";
				TEST_HOST = "$(BUILT_PRODUCTS_DIR)/R2Hot.app/R2Hot";
			};
			name = Debug;
		};
		49EBE28D1BDC27E300CA04B0 /* Release */ = {
			isa = XCBuildConfiguration;
			buildSettings = {
				BUNDLE_LOADER = "$(TEST_HOST)";
				FRAMEWORK_SEARCH_PATHS = (
					"$(SDKROOT)/Developer/Library/Frameworks",
					"$(inherited)",
				);
				INFOPLIST_FILE = R2HotTests/Info.plist;
				LD_RUNPATH_SEARCH_PATHS = "$(inherited) @executable_path/Frameworks @loader_path/Frameworks";
				PRODUCT_NAME = "$(TARGET_NAME)";
				TEST_HOST = "$(BUILT_PRODUCTS_DIR)/R2Hot.app/R2Hot";
			};
			name = Release;
		};
/* End XCBuildConfiguration section */

/* Begin XCConfigurationList section */
		49EBE2601BDC27E200CA04B0 /* Build configuration list for PBXProject "R2Hot" */ = {
			isa = XCConfigurationList;
			buildConfigurations = (
				49EBE2861BDC27E300CA04B0 /* Debug */,
				49EBE2871BDC27E300CA04B0 /* Release */,
			);
			defaultConfigurationIsVisible = 0;
			defaultConfigurationName = Release;
		};
		49EBE2881BDC27E300CA04B0 /* Build configuration list for PBXNativeTarget "R2Hot" */ = {
			isa = XCConfigurationList;
			buildConfigurations = (
				49EBE2891BDC27E300CA04B0 /* Debug */,
				49EBE28A1BDC27E300CA04B0 /* Release */,
			);
			defaultConfigurationIsVisible = 0;
			defaultConfigurationName = Release;
		};
		49EBE28B1BDC27E300CA04B0 /* Build configuration list for PBXNativeTarget "R2HotTests" */ = {
			isa = XCConfigurationList;
			buildConfigurations = (
				49EBE28C1BDC27E300CA04B0 /* Debug */,
				49EBE28D1BDC27E300CA04B0 /* Release */,
			);
			defaultConfigurationIsVisible = 0;
			defaultConfigurationName = Release;
		};
/* End XCConfigurationList section */
	};
	rootObject = 49EBE25D1BDC27E200CA04B0 /* Project object */;
}
